// !$*UTF8*$!
{
	archiveVersion = 1;
	classes = {
	};
	objectVersion = 77;
	objects = {

/* Begin PBXBuildFile section */
		930704AA2FB7C454009FA8C4 /* CacheKidHostApp.swift in Sources */ = {isa = PBXBuildFile; fileRef = 930704A82FB7C454009FA8C4 /* CacheKidHostApp.swift */; };
		930704AB2FB7C454009FA8C4 /* ContentView.swift in Sources */ = {isa = PBXBuildFile; fileRef = 930704A92FB7C454009FA8C4 /* ContentView.swift */; };
		930704AD2FB7C49E009FA8C4 /* ImportViewModel.swift in Sources */ = {isa = PBXBuildFile; fileRef = 930704AC2FB7C49E009FA8C4 /* ImportViewModel.swift */; };
		930704AF2FB7C4AF009FA8C4 /* MissionModels.swift in Sources */ = {isa = PBXBuildFile; fileRef = 930704AE2FB7C4AF009FA8C4 /* MissionModels.swift */; };
		93F195972FB7D1500009F750 /* CacheKidHostShareExtension.appex in Embed Foundation Extensions */ = {isa = PBXBuildFile; fileRef = 93F1958D2FB7D1500009F750 /* CacheKidHostShareExtension.appex */; settings = {ATTRIBUTES = (RemoveHeadersOnCopy, ); }; };
/* End PBXBuildFile section */

/* Begin PBXContainerItemProxy section */
		93F195952FB7D1500009F750 /* PBXContainerItemProxy */ = {
			isa = PBXContainerItemProxy;
			containerPortal = 930704922FB7C27C009FA8C4 /* Project object */;
			proxyType = 1;
			remoteGlobalIDString = 93F1958C2FB7D1500009F750;
			remoteInfo = CacheKidHostShareExtension;
		};
/* End PBXContainerItemProxy section */

/* Begin PBXCopyFilesBuildPhase section */
		93F195882FB7CE440009F750 /* Embed Frameworks */ = {
			isa = PBXCopyFilesBuildPhase;
			buildActionMask = 2147483647;
			dstPath = "";
			dstSubfolderSpec = 10;
			files = (
			);
			name = "Embed Frameworks";
			runOnlyForDeploymentPostprocessing = 0;
		};
		93F1959C2FB7D1500009F750 /* Embed Foundation Extensions */ = {
			isa = PBXCopyFilesBuildPhase;
			buildActionMask = 2147483647;
			dstPath = "";
			dstSubfolderSpec = 13;
			files = (
				93F195972FB7D1500009F750 /* CacheKidHostShareExtension.appex in Embed Foundation Extensions */,
			);
			name = "Embed Foundation Extensions";
			runOnlyForDeploymentPostprocessing = 0;
		};
/* End PBXCopyFilesBuildPhase section */

/* Begin PBXFileReference section */
		9307049A2FB7C27C009FA8C4 /* CacheKidHostApp.app */ = {isa = PBXFileReference; explicitFileType = wrapper.application; includeInIndex = 0; path = CacheKidHostApp.app; sourceTree = BUILT_PRODUCTS_DIR; };
		930704A82FB7C454009FA8C4 /* CacheKidHostApp.swift */ = {isa = PBXFileReference; lastKnownFileType = sourcecode.swift; path = CacheKidHostApp.swift; sourceTree = "<group>"; };
		930704A92FB7C454009FA8C4 /* ContentView.swift */ = {isa = PBXFileReference; lastKnownFileType = sourcecode.swift; path = ContentView.swift; sourceTree = "<group>"; };
		930704AC2FB7C49E009FA8C4 /* ImportViewModel.swift */ = {isa = PBXFileReference; lastKnownFileType = sourcecode.swift; path = ImportViewModel.swift; sourceTree = "<group>"; };
		930704AE2FB7C4AF009FA8C4 /* MissionModels.swift */ = {isa = PBXFileReference; lastKnownFileType = sourcecode.swift; path = MissionModels.swift; sourceTree = "<group>"; };
		93F1958D2FB7D1500009F750 /* CacheKidHostShareExtension.appex */ = {isa = PBXFileReference; explicitFileType = "wrapper.app-extension"; includeInIndex = 0; path = CacheKidHostShareExtension.appex; sourceTree = BUILT_PRODUCTS_DIR; };
/* End PBXFileReference section */

/* Begin PBXFileSystemSynchronizedBuildFileExceptionSet section */
		93F195982FB7D1500009F750 /* Exceptions for "CacheKidHostShareExtension" folder in "CacheKidHostShareExtension" target */ = {
			isa = PBXFileSystemSynchronizedBuildFileExceptionSet;
			membershipExceptions = (
				Info.plist,
			);
			target = 93F1958C2FB7D1500009F750 /* CacheKidHostShareExtension */;
		};
/* End PBXFileSystemSynchronizedBuildFileExceptionSet section */

/* Begin PBXFileSystemSynchronizedRootGroup section */
		9307049C2FB7C27C009FA8C4 /* CacheKidHostApp */ = {
			isa = PBXFileSystemSynchronizedRootGroup;
			path = CacheKidHostApp;
			sourceTree = "<group>";
		};
		93F1958E2FB7D1500009F750 /* CacheKidHostShareExtension */ = {
			isa = PBXFileSystemSynchronizedRootGroup;
			exceptions = (
				93F195982FB7D1500009F750 /* Exceptions for "CacheKidHostShareExtension" folder in "CacheKidHostShareExtension" target */,
			);
			path = CacheKidHostShareExtension;
			sourceTree = "<group>";
		};
/* End PBXFileSystemSynchronizedRootGroup section */

/* Begin PBXFrameworksBuildPhase section */
		930704972FB7C27C009FA8C4 /* Frameworks */ = {
			isa = PBXFrameworksBuildPhase;
			buildActionMask = 2147483647;
			files = (
			);
			runOnlyForDeploymentPostprocessing = 0;
		};
		93F1958A2FB7D1500009F750 /* Frameworks */ = {
			isa = PBXFrameworksBuildPhase;
			buildActionMask = 2147483647;
			files = (
			);
			runOnlyForDeploymentPostprocessing = 0;
		};
/* End PBXFrameworksBuildPhase section */

/* Begin PBXGroup section */
		930704912FB7C27C009FA8C4 = {
			isa = PBXGroup;
			children = (
				930704AE2FB7C4AF009FA8C4 /* MissionModels.swift */,
				930704AC2FB7C49E009FA8C4 /* ImportViewModel.swift */,
				930704A82FB7C454009FA8C4 /* CacheKidHostApp.swift */,
				930704A92FB7C454009FA8C4 /* ContentView.swift */,
				9307049C2FB7C27C009FA8C4 /* CacheKidHostApp */,
				93F1958E2FB7D1500009F750 /* CacheKidHostShareExtension */,
				93F195842FB7CE440009F750 /* Frameworks */,
				9307049B2FB7C27C009FA8C4 /* Products */,
			);
			sourceTree = "<group>";
		};
		9307049B2FB7C27C009FA8C4 /* Products */ = {
			isa = PBXGroup;
			children = (
				9307049A2FB7C27C009FA8C4 /* CacheKidHostApp.app */,
				93F1958D2FB7D1500009F750 /* CacheKidHostShareExtension.appex */,
			);
			name = Products;
			sourceTree = "<group>";
		};
		93F195842FB7CE440009F750 /* Frameworks */ = {
			isa = PBXGroup;
			children = (
			);
			name = Frameworks;
			sourceTree = "<group>";
		};
/* End PBXGroup section */

/* Begin PBXNativeTarget section */
		930704992FB7C27C009FA8C4 /* CacheKidHostApp */ = {
			isa = PBXNativeTarget;
			buildConfigurationList = 930704A52FB7C27E009FA8C4 /* Build configuration list for PBXNativeTarget "CacheKidHostApp" */;
			buildPhases = (
				930704962FB7C27C009FA8C4 /* Sources */,
				930704972FB7C27C009FA8C4 /* Frameworks */,
				930704982FB7C27C009FA8C4 /* Resources */,
				93F195882FB7CE440009F750 /* Embed Frameworks */,
				93F1959C2FB7D1500009F750 /* Embed Foundation Extensions */,
			);
			buildRules = (
			);
			dependencies = (
				93F195962FB7D1500009F750 /* PBXTargetDependency */,
			);
			fileSystemSynchronizedGroups = (
				9307049C2FB7C27C009FA8C4 /* CacheKidHostApp */,
			);
			name = CacheKidHostApp;
			packageProductDependencies = (
			);
			productName = CacheKidHostApp;
			productReference = 9307049A2FB7C27C009FA8C4 /* CacheKidHostApp.app */;
			productType = "com.apple.product-type.application";
		};
		93F1958C2FB7D1500009F750 /* CacheKidHostShareExtension */ = {
			isa = PBXNativeTarget;
			buildConfigurationList = 93F195992FB7D1500009F750 /* Build configuration list for PBXNativeTarget "CacheKidHostShareExtension" */;
			buildPhases = (
				93F195892FB7D1500009F750 /* Sources */,
				93F1958A2FB7D1500009F750 /* Frameworks */,
				93F1958B2FB7D1500009F750 /* Resources */,
			);
			buildRules = (
			);
			dependencies = (
			);
			fileSystemSynchronizedGroups = (
				93F1958E2FB7D1500009F750 /* CacheKidHostShareExtension */,
			);
			name = CacheKidHostShareExtension;
			packageProductDependencies = (
			);
			productName = CacheKidHostShareExtension;
			productReference = 93F1958D2FB7D1500009F750 /* CacheKidHostShareExtension.appex */;
			productType = "com.apple.product-type.app-extension";
		};
/* End PBXNativeTarget section */

/* Begin PBXProject section */
		930704922FB7C27C009FA8C4 /* Project object */ = {
			isa = PBXProject;
			attributes = {
				BuildIndependentTargetsInParallel = 1;
				LastSwiftUpdateCheck = 2650;
				LastUpgradeCheck = 2650;
				TargetAttributes = {
					930704992FB7C27C009FA8C4 = {
						CreatedOnToolsVersion = 26.5;
						LastSwiftMigration = 2650;
					};
					93F1958C2FB7D1500009F750 = {
						CreatedOnToolsVersion = 26.5;
					};
				};
			};
			buildConfigurationList = 930704952FB7C27C009FA8C4 /* Build configuration list for PBXProject "CacheKidHostApp" */;
			developmentRegion = en;
			hasScannedForEncodings = 0;
			knownRegions = (
				en,
				Base,
			);
			mainGroup = 930704912FB7C27C009FA8C4;
			minimizedProjectReferenceProxies = 1;
			preferredProjectObjectVersion = 77;
			productRefGroup = 9307049B2FB7C27C009FA8C4 /* Products */;
			projectDirPath = "";
			projectRoot = "";
			targets = (
				930704992FB7C27C009FA8C4 /* CacheKidHostApp */,
				93F1958C2FB7D1500009F750 /* CacheKidHostShareExtension */,
			);
		};
/* End PBXProject section */

/* Begin PBXResourcesBuildPhase section */
		930704982FB7C27C009FA8C4 /* Resources */ = {
			isa = PBXResourcesBuildPhase;
			buildActionMask = 2147483647;
			files = (
			);
			runOnlyForDeploymentPostprocessing = 0;
		};
		93F1958B2FB7D1500009F750 /* Resources */ = {
			isa = PBXResourcesBuildPhase;
			buildActionMask = 2147483647;
			files = (
			);
			runOnlyForDeploymentPostprocessing = 0;
		};
/* End PBXResourcesBuildPhase section */

/* Begin PBXSourcesBuildPhase section */
		930704962FB7C27C009FA8C4 /* Sources */ = {
			isa = PBXSourcesBuildPhase;
			buildActionMask = 2147483647;
			files = (
				930704AF2FB7C4AF009FA8C4 /* MissionModels.swift in Sources */,
				930704AA2FB7C454009FA8C4 /* CacheKidHostApp.swift in Sources */,
				930704AB2FB7C454009FA8C4 /* ContentView.swift in Sources */,
				930704AD2FB7C49E009FA8C4 /* ImportViewModel.swift in Sources */,
			);
			runOnlyForDeploymentPostprocessing = 0;
		};
		93F195892FB7D1500009F750 /* Sources */ = {
			isa = PBXSourcesBuildPhase;
			buildActionMask = 2147483647;
			files = (
			);
			runOnlyForDeploymentPostprocessing = 0;
		};
/* End PBXSourcesBuildPhase section */

/* Begin PBXTargetDependency section */
		93F195962FB7D1500009F750 /* PBXTargetDependency */ = {
			isa = PBXTargetDependency;
			target = 93F1958C2FB7D1500009F750 /* CacheKidHostShareExtension */;
			targetProxy = 93F195952FB7D1500009F750 /* PBXContainerItemProxy */;
		};
/* End PBXTargetDependency section */

/* Begin XCBuildConfiguration section */
		930704A32FB7C27E009FA8C4 /* Debug */ = {
			isa = XCBuildConfiguration;
			buildSettings = {
				ALWAYS_SEARCH_USER_PATHS = NO;
				ASSETCATALOG_COMPILER_GENERATE_SWIFT_ASSET_SYMBOL_EXTENSIONS = YES;
				CLANG_ANALYZER_NONNULL = YES;
				CLANG_ANALYZER_NUMBER_OBJECT_CONVERSION = YES_AGGRESSIVE;
				CLANG_CXX_LANGUAGE_STANDARD = "gnu++20";
				CLANG_ENABLE_MODULES = YES;
				CLANG_ENABLE_OBJC_ARC = YES;
				CLANG_ENABLE_OBJC_WEAK = YES;
				CLANG_WARN_BLOCK_CAPTURE_AUTORELEASING = YES;
				CLANG_WARN_BOOL_CONVERSION = YES;
				CLANG_WARN_COMMA = YES;
				CLANG_WARN_CONSTANT_CONVERSION = YES;
				CLANG_WARN_DEPRECATED_OBJC_IMPLEMENTATIONS = YES;
				CLANG_WARN_DIRECT_OBJC_ISA_USAGE = YES_ERROR;
				CLANG_WARN_DOCUMENTATION_COMMENTS = YES;
				CLANG_WARN_EMPTY_BODY = YES;
				CLANG_WARN_ENUM_CONVERSION = YES;
				CLANG_WARN_INFINITE_RECURSION = YES;
				CLANG_WARN_INT_CONVERSION = YES;
				CLANG_WARN_NON_LITERAL_NULL_CONVERSION = YES;
				CLANG_WARN_OBJC_IMPLICIT_RETAIN_SELF = YES;
				CLANG_WARN_OBJC_LITERAL_CONVERSION = YES;
				CLANG_WARN_OBJC_ROOT_CLASS = YES_ERROR;
				CLANG_WARN_QUOTED_INCLUDE_IN_FRAMEWORK_HEADER = YES;
				CLANG_WARN_RANGE_LOOP_ANALYSIS = YES;
				CLANG_WARN_STRICT_PROTOTYPES = YES;
				CLANG_WARN_SUSPICIOUS_MOVE = YES;
				CLANG_WARN_UNGUARDED_AVAILABILITY = YES_AGGRESSIVE;
				CLANG_WARN_UNREACHABLE_CODE = YES;
				CLANG_WARN__DUPLICATE_METHOD_MATCH = YES;
				COPY_PHASE_STRIP = NO;
				DEBUG_INFORMATION_FORMAT = dwarf;
				ENABLE_STRICT_OBJC_MSGSEND = YES;
				ENABLE_TESTABILITY = YES;
				ENABLE_USER_SCRIPT_SANDBOXING = YES;
				GCC_C_LANGUAGE_STANDARD = gnu17;
				GCC_DYNAMIC_NO_PIC = NO;
				GCC_NO_COMMON_BLOCKS = YES;
				GCC_OPTIMIZATION_LEVEL = 0;
				GCC_PREPROCESSOR_DEFINITIONS = (
					"DEBUG=1",
					"$(inherited)",
				);
				GCC_WARN_64_TO_32_BIT_CONVERSION = YES;
				GCC_WARN_ABOUT_RETURN_TYPE = YES_ERROR;
				GCC_WARN_UNDECLARED_SELECTOR = YES;
				GCC_WARN_UNINITIALIZED_AUTOS = YES_AGGRESSIVE;
				GCC_WARN_UNUSED_FUNCTION = YES;
				GCC_WARN_UNUSED_VARIABLE = YES;
				IPHONEOS_DEPLOYMENT_TARGET = 26.5;
				LOCALIZATION_PREFERS_STRING_CATALOGS = YES;
				MTL_ENABLE_DEBUG_INFO = INCLUDE_SOURCE;
				MTL_FAST_MATH = YES;
				ONLY_ACTIVE_ARCH = YES;
				SDKROOT = iphoneos;
				SWIFT_ACTIVE_COMPILATION_CONDITIONS = "DEBUG $(inherited)";
				SWIFT_OPTIMIZATION_LEVEL = "-Onone";
			};
			name = Debug;
		};
		930704A42FB7C27E009FA8C4 /* Release */ = {
			isa = XCBuildConfiguration;
			buildSettings = {
				ALWAYS_SEARCH_USER_PATHS = NO;
				ASSETCATALOG_COMPILER_GENERATE_SWIFT_ASSET_SYMBOL_EXTENSIONS = YES;
				CLANG_ANALYZER_NONNULL = YES;
				CLANG_ANALYZER_NUMBER_OBJECT_CONVERSION = YES_AGGRESSIVE;
				CLANG_CXX_LANGUAGE_STANDARD = "gnu++20";
				CLANG_ENABLE_MODULES = YES;
				CLANG_ENABLE_OBJC_ARC = YES;
				CLANG_ENABLE_OBJC_WEAK = YES;
				CLANG_WARN_BLOCK_CAPTURE_AUTORELEASING = YES;
				CLANG_WARN_BOOL_CONVERSION = YES;
				CLANG_WARN_COMMA = YES;
				CLANG_WARN_CONSTANT_CONVERSION = YES;
				CLANG_WARN_DEPRECATED_OBJC_IMPLEMENTATIONS = YES;
				CLANG_WARN_DIRECT_OBJC_ISA_USAGE = YES_ERROR;
				CLANG_WARN_DOCUMENTATION_COMMENTS = YES;
				CLANG_WARN_EMPTY_BODY = YES;
				CLANG_WARN_ENUM_CONVERSION = YES;
				CLANG_WARN_INFINITE_RECURSION = YES;
				CLANG_WARN_INT_CONVERSION = YES;
				CLANG_WARN_NON_LITERAL_NULL_CONVERSION = YES;
				CLANG_WARN_OBJC_IMPLICIT_RETAIN_SELF = YES;
				CLANG_WARN_OBJC_LITERAL_CONVERSION = YES;
				CLANG_WARN_OBJC_ROOT_CLASS = YES_ERROR;
				CLANG_WARN_QUOTED_INCLUDE_IN_FRAMEWORK_HEADER = YES;
				CLANG_WARN_RANGE_LOOP_ANALYSIS = YES;
				CLANG_WARN_STRICT_PROTOTYPES = YES;
				CLANG_WARN_SUSPICIOUS_MOVE = YES;
				CLANG_WARN_UNGUARDED_AVAILABILITY = YES_AGGRESSIVE;
				CLANG_WARN_UNREACHABLE_CODE = YES;
				CLANG_WARN__DUPLICATE_METHOD_MATCH = YES;
				COPY_PHASE_STRIP = NO;
				DEBUG_INFORMATION_FORMAT = "dwarf-with-dsym";
				ENABLE_NS_ASSERTIONS = NO;
				ENABLE_STRICT_OBJC_MSGSEND = YES;
				ENABLE_USER_SCRIPT_SANDBOXING = YES;
				GCC_C_LANGUAGE_STANDARD = gnu17;
				GCC_NO_COMMON_BLOCKS = YES;
				GCC_WARN_64_TO_32_BIT_CONVERSION = YES;
				GCC_WARN_ABOUT_RETURN_TYPE = YES_ERROR;
				GCC_WARN_UNDECLARED_SELECTOR = YES;
				GCC_WARN_UNINITIALIZED_AUTOS = YES_AGGRESSIVE;
				GCC_WARN_UNUSED_FUNCTION = YES;
				GCC_WARN_UNUSED_VARIABLE = YES;
				IPHONEOS_DEPLOYMENT_TARGET = 26.5;
				LOCALIZATION_PREFERS_STRING_CATALOGS = YES;
				MTL_ENABLE_DEBUG_INFO = NO;
				MTL_FAST_MATH = YES;
				SDKROOT = iphoneos;
				SWIFT_COMPILATION_MODE = wholemodule;
				VALIDATE_PRODUCT = YES;
			};
			name = Release;
		};
		930704A62FB7C27E009FA8C4 /* Debug */ = {
			isa = XCBuildConfiguration;
			buildSettings = {
				ASSETCATALOG_COMPILER_APPICON_NAME = AppIcon;
				ASSETCATALOG_COMPILER_GLOBAL_ACCENT_COLOR_NAME = AccentColor;
				CLANG_ENABLE_MODULES = YES;
				CODE_SIGN_ENTITLEMENTS = CacheKidHostApp.entitlements;
				CODE_SIGN_STYLE = Automatic;
				CURRENT_PROJECT_VERSION = 1;
				DEVELOPMENT_TEAM = 6G2DXQU858;
				ENABLE_PREVIEWS = YES;
				GENERATE_INFOPLIST_FILE = YES;
				INFOPLIST_KEY_UIApplicationSceneManifest_Generation = YES;
				INFOPLIST_KEY_UIApplicationSupportsIndirectInputEvents = YES;
				INFOPLIST_KEY_UILaunchScreen_Generation = YES;
				INFOPLIST_KEY_UISupportedInterfaceOrientations_iPad = "UIInterfaceOrientationPortrait UIInterfaceOrientationPortraitUpsideDown UIInterfaceOrientationLandscapeLeft UIInterfaceOrientationLandscapeRight";
				INFOPLIST_KEY_UISupportedInterfaceOrientations_iPhone = "UIInterfaceOrientationPortrait UIInterfaceOrientationLandscapeLeft UIInterfaceOrientationLandscapeRight";
				IPHONEOS_DEPLOYMENT_TARGET = 26.0;
				LD_RUNPATH_SEARCH_PATHS = (
					"$(inherited)",
					"@executable_path/Frameworks",
				);
				MARKETING_VERSION = 1.0;
				PRODUCT_BUNDLE_IDENTIFIER = com.cachekid.CacheKidHostApp;
				PRODUCT_NAME = "$(TARGET_NAME)";
				STRING_CATALOG_GENERATE_SYMBOLS = YES;
				SWIFT_APPROACHABLE_CONCURRENCY = YES;
				SWIFT_DEFAULT_ACTOR_ISOLATION = MainActor;
				SWIFT_EMIT_LOC_STRINGS = YES;
				SWIFT_OPTIMIZATION_LEVEL = "-Onone";
				SWIFT_UPCOMING_FEATURE_MEMBER_IMPORT_VISIBILITY = YES;
				SWIFT_VERSION = 5.0;
				TARGETED_DEVICE_FAMILY = "1,2";
			};
			name = Debug;
		};
		930704A72FB7C27E009FA8C4 /* Release */ = {
			isa = XCBuildConfiguration;
			buildSettings = {
				ASSETCATALOG_COMPILER_APPICON_NAME = AppIcon;
				ASSETCATALOG_COMPILER_GLOBAL_ACCENT_COLOR_NAME = AccentColor;
				CLANG_ENABLE_MODULES = YES;
				CODE_SIGN_ENTITLEMENTS = CacheKidHostApp.entitlements;
				CODE_SIGN_STYLE = Automatic;
				CURRENT_PROJECT_VERSION = 1;
				DEVELOPMENT_TEAM = 6G2DXQU858;
				ENABLE_PREVIEWS = YES;
				GENERATE_INFOPLIST_FILE = YES;
				INFOPLIST_KEY_UIApplicationSceneManifest_Generation = YES;
				INFOPLIST_KEY_UIApplicationSupportsIndirectInputEvents = YES;
				INFOPLIST_KEY_UILaunchScreen_Generation = YES;
				INFOPLIST_KEY_UISupportedInterfaceOrientations_iPad = "UIInterfaceOrientationPortrait UIInterfaceOrientationPortraitUpsideDown UIInterfaceOrientationLandscapeLeft UIInterfaceOrientationLandscapeRight";
				INFOPLIST_KEY_UISupportedInterfaceOrientations_iPhone = "UIInterfaceOrientationPortrait UIInterfaceOrientationLandscapeLeft UIInterfaceOrientationLandscapeRight";
				IPHONEOS_DEPLOYMENT_TARGET = 26.0;
				LD_RUNPATH_SEARCH_PATHS = (
					"$(inherited)",
					"@executable_path/Frameworks",
				);
				MARKETING_VERSION = 1.0;
				PRODUCT_BUNDLE_IDENTIFIER = com.cachekid.CacheKidHostApp;
				PRODUCT_NAME = "$(TARGET_NAME)";
				STRING_CATALOG_GENERATE_SYMBOLS = YES;
				SWIFT_APPROACHABLE_CONCURRENCY = YES;
				SWIFT_DEFAULT_ACTOR_ISOLATION = MainActor;
				SWIFT_EMIT_LOC_STRINGS = YES;
				SWIFT_UPCOMING_FEATURE_MEMBER_IMPORT_VISIBILITY = YES;
				SWIFT_VERSION = 5.0;
				TARGETED_DEVICE_FAMILY = "1,2";
			};
			name = Release;
		};
		93F1959A2FB7D1500009F750 /* Debug */ = {
			isa = XCBuildConfiguration;
			buildSettings = {
				CODE_SIGN_ENTITLEMENTS = CacheKidHostShareExtension/CacheKidHostShareExtension.entitlements;
				CODE_SIGN_STYLE = Automatic;
				CURRENT_PROJECT_VERSION = 1;
				DEVELOPMENT_TEAM = 6G2DXQU858;
				GENERATE_INFOPLIST_FILE = YES;
				INFOPLIST_FILE = CacheKidHostShareExtension/Info.plist;
				INFOPLIST_KEY_CFBundleDisplayName = CacheKidHostShareExtension;
				INFOPLIST_KEY_NSHumanReadableCopyright = "";
				LD_RUNPATH_SEARCH_PATHS = (
					"$(inherited)",
					"@executable_path/Frameworks",
					"@executable_path/../../Frameworks",
				);
				MARKETING_VERSION = 1.0;
				PRODUCT_BUNDLE_IDENTIFIER = com.cachekid.CacheKidHostApp.shareextension;
				PRODUCT_NAME = "$(TARGET_NAME)";
				SKIP_INSTALL = YES;
				STRING_CATALOG_GENERATE_SYMBOLS = YES;
				SWIFT_APPROACHABLE_CONCURRENCY = YES;
				SWIFT_EMIT_LOC_STRINGS = YES;
				SWIFT_UPCOMING_FEATURE_MEMBER_IMPORT_VISIBILITY = YES;
				SWIFT_VERSION = 5.0;
				TARGETED_DEVICE_FAMILY = "1,2";
			};
			name = Debug;
		};
		93F1959B2FB7D1500009F750 /* Release */ = {
			isa = XCBuildConfiguration;
			buildSettings = {
				CODE_SIGN_ENTITLEMENTS = CacheKidHostShareExtension/CacheKidHostShareExtension.entitlements;
				CODE_SIGN_STYLE = Automatic;
				CURRENT_PROJECT_VERSION = 1;
				DEVELOPMENT_TEAM = 6G2DXQU858;
				GENERATE_INFOPLIST_FILE = YES;
				INFOPLIST_FILE = CacheKidHostShareExtension/Info.plist;
				INFOPLIST_KEY_CFBundleDisplayName = CacheKidHostShareExtension;
				INFOPLIST_KEY_NSHumanReadableCopyright = "";
				LD_RUNPATH_SEARCH_PATHS = (
					"$(inherited)",
					"@executable_path/Frameworks",
					"@executable_path/../../Frameworks",
				);
				MARKETING_VERSION = 1.0;
				PRODUCT_BUNDLE_IDENTIFIER = com.cachekid.CacheKidHostApp.shareextension;
				PRODUCT_NAME = "$(TARGET_NAME)";
				SKIP_INSTALL = YES;
				STRING_CATALOG_GENERATE_SYMBOLS = YES;
				SWIFT_APPROACHABLE_CONCURRENCY = YES;
				SWIFT_EMIT_LOC_STRINGS = YES;
				SWIFT_UPCOMING_FEATURE_MEMBER_IMPORT_VISIBILITY = YES;
				SWIFT_VERSION = 5.0;
				TARGETED_DEVICE_FAMILY = "1,2";
			};
			name = Release;
		};
/* End XCBuildConfiguration section */

/* Begin XCConfigurationList section */
		930704952FB7C27C009FA8C4 /* Build configuration list for PBXProject "CacheKidHostApp" */ = {
			isa = XCConfigurationList;
			buildConfigurations = (
				930704A32FB7C27E009FA8C4 /* Debug */,
				930704A42FB7C27E009FA8C4 /* Release */,
			);
			defaultConfigurationIsVisible = 0;
			defaultConfigurationName = Release;
		};
		930704A52FB7C27E009FA8C4 /* Build configuration list for PBXNativeTarget "CacheKidHostApp" */ = {
			isa = XCConfigurationList;
			buildConfigurations = (
				930704A62FB7C27E009FA8C4 /* Debug */,
				930704A72FB7C27E009FA8C4 /* Release */,
			);
			defaultConfigurationIsVisible = 0;
			defaultConfigurationName = Release;
		};
		93F195992FB7D1500009F750 /* Build configuration list for PBXNativeTarget "CacheKidHostShareExtension" */ = {
			isa = XCConfigurationList;
			buildConfigurations = (
				93F1959A2FB7D1500009F750 /* Debug */,
				93F1959B2FB7D1500009F750 /* Release */,
			);
			defaultConfigurationIsVisible = 0;
			defaultConfigurationName = Release;
		};
/* End XCConfigurationList section */
	};
	rootObject = 930704922FB7C27C009FA8C4 /* Project object */;
}
